
Microsoft Visual Studio Solution File, Format Version 12.00
# Visual Studio 15
VisualStudioVersion = 15.0.28307.902
MinimumVisualStudioVersion = 10.0.40219.1
Project("{FAE04EC0-301F-11D3-BF4B-00C04F79EFBC}") = "RedisApi", "RedisApi\RedisApi.csproj", "{B0263E67-6671-448A-9367-72096BD7ADA3}"
EndProject
Project("{FAE04EC0-301F-11D3-BF4B-00C04F79EFBC}") = "RedisApi.Tests", "RedisApi.Tests\RedisApi.Tests.csproj", "{C5EBC4FF-4E86-46D0-8FCF-0BB102C1B40B}"
EndProject
Global
	GlobalSection(SolutionConfigurationPlatforms) = preSolution
		Debug|Any CPU = Debug|Any CPU
		Release|Any CPU = Release|Any CPU
	EndGlobalSection
	GlobalSection(ProjectConfigurationPlatforms) = postSolution
		{B0263E67-6671-448A-9367-72096BD7ADA3}.Debug|Any CPU.ActiveCfg = Debug|Any CPU
		{B0263E67-6671-448A-9367-72096BD7ADA3}.Debug|Any CPU.Build.0 = Debug|Any CPU
		{B0263E67-6671-448A-9367-72096BD7ADA3}.Release|Any CPU.ActiveCfg = Release|Any CPU
		{B0263E67-6671-448A-9367-72096BD7ADA3}.Release|Any CPU.Build.0 = Release|Any CPU
		{C5EBC4FF-4E86-46D0-8FCF-0BB102C1B40B}.Debug|Any CPU.ActiveCfg = Debug|Any CPU
		{C5EBC4FF-4E86-46D0-8FCF-0BB102C1B40B}.Debug|Any CPU.Build.0 = Debug|Any CPU
		{C5EBC4FF-4E86-46D0-8FCF-0BB102C1B40B}.Release|Any CPU.ActiveCfg = Release|Any CPU
		{C5EBC4FF-4E86-46D0-8FCF-0BB102C1B40B}.Release|Any CPU.Build.0 = Release|Any CPU
	EndGlobalSection
	GlobalSection(SolutionProperties) = preSolution
		HideSolutionNode = FALSE
	EndGlobalSection
	GlobalSection(ExtensibilityGlobals) = postSolution
		SolutionGuid = {5154784F-BFE2-405D-9B13-C7FAF55A2DEA}
	EndGlobalSection
EndGlobal
